
Microsoft Visual Studio Solution File, Format Version 12.00
# Visual Studio Version 16
VisualStudioVersion = 16.0.31911.196
MinimumVisualStudioVersion = 10.0.40219.1
Project("{FAE04EC0-301F-11D3-BF4B-00C04F79EFBC}") = "Notes.Domain", "Notes.Domain\Notes.Domain.csproj", "{63047BD4-3566-4A9F-B6B1-9A64F51C6EBC}"
EndProject
Project("{FAE04EC0-301F-11D3-BF4B-00C04F79EFBC}") = "Notes.Infrastructure", "Notes.Infrastructure\Notes.Infrastructure.csproj", "{0F0EEE51-9C47-4309-9F94-06EA497BB2BD}"
EndProject
Project("{FAE04EC0-301F-11D3-BF4B-00C04F79EFBC}") = "Notes.Presentation", "Notes.Presentation\Notes.Presentation.csproj", "{6049D86D-3DAE-4DBD-9F6E-A2A1259A966F}"
EndProject
Project("{FAE04EC0-301F-11D3-BF4B-00C04F79EFBC}") = "Notes.Application", "Notes.Application\Notes.Application.csproj", "{24FA6830-B172-48A8-B65C-5E3381AF7033}"
EndProject
Global
	GlobalSection(SolutionConfigurationPlatforms) = preSolution
		Debug|Any CPU = Debug|Any CPU
		Release|Any CPU = Release|Any CPU
	EndGlobalSection
	GlobalSection(ProjectConfigurationPlatforms) = postSolution
		{63047BD4-3566-4A9F-B6B1-9A64F51C6EBC}.Debug|Any CPU.ActiveCfg = Debug|Any CPU
		{63047BD4-3566-4A9F-B6B1-9A64F51C6EBC}.Debug|Any CPU.Build.0 = Debug|Any CPU
		{63047BD4-3566-4A9F-B6B1-9A64F51C6EBC}.Release|Any CPU.ActiveCfg = Release|Any CPU
		{63047BD4-3566-4A9F-B6B1-9A64F51C6EBC}.Release|Any CPU.Build.0 = Release|Any CPU
		{0F0EEE51-9C47-4309-9F94-06EA497BB2BD}.Debug|Any CPU.ActiveCfg = Debug|Any CPU
		{0F0EEE51-9C47-4309-9F94-06EA497BB2BD}.Debug|Any CPU.Build.0 = Debug|Any CPU
		{0F0EEE51-9C47-4309-9F94-06EA497BB2BD}.Release|Any CPU.ActiveCfg = Release|Any CPU
		{0F0EEE51-9C47-4309-9F94-06EA497BB2BD}.Release|Any CPU.Build.0 = Release|Any CPU
		{6049D86D-3DAE-4DBD-9F6E-A2A1259A966F}.Debug|Any CPU.ActiveCfg = Debug|Any CPU
		{6049D86D-3DAE-4DBD-9F6E-A2A1259A966F}.Debug|Any CPU.Build.0 = Debug|Any CPU
		{6049D86D-3DAE-4DBD-9F6E-A2A1259A966F}.Release|Any CPU.ActiveCfg = Release|Any CPU
		{6049D86D-3DAE-4DBD-9F6E-A2A1259A966F}.Release|Any CPU.Build.0 = Release|Any CPU
		{24FA6830-B172-48A8-B65C-5E3381AF7033}.Debug|Any CPU.ActiveCfg = Debug|Any CPU
		{24FA6830-B172-48A8-B65C-5E3381AF7033}.Debug|Any CPU.Build.0 = Debug|Any CPU
		{24FA6830-B172-48A8-B65C-5E3381AF7033}.Release|Any CPU.ActiveCfg = Release|Any CPU
		{24FA6830-B172-48A8-B65C-5E3381AF7033}.Release|Any CPU.Build.0 = Release|Any CPU
	EndGlobalSection
	GlobalSection(SolutionProperties) = preSolution
		HideSolutionNode = FALSE
	EndGlobalSection
	GlobalSection(ExtensibilityGlobals) = postSolution
		SolutionGuid = {A6FF798B-82E4-4F42-A476-F73F2B94A249}
	EndGlobalSection
EndGlobal
